
Microsoft Visual Studio Solution File, Format Version 12.00
# Visual Studio Version 17
VisualStudioVersion = 17.14.36518.9 d17.14
MinimumVisualStudioVersion = 10.0.40219.1
Project("{FAE04EC0-301F-11D3-BF4B-00C04F79EFBC}") = "Neocare", "Neocare\Neocare.csproj", "{AB84FD82-5F48-4F8F-8BA3-51FDFD8E1994}"
EndProject
Global
	GlobalSection(SolutionConfigurationPlatforms) = preSolution
		Debug|Any CPU = Debug|Any CPU
		Release|Any CPU = Release|Any CPU
	EndGlobalSection
	GlobalSection(ProjectConfigurationPlatforms) = postSolution
		{AB84FD82-5F48-4F8F-8BA3-51FDFD8E1994}.Debug|Any CPU.ActiveCfg = Debug|Any CPU
		{AB84FD82-5F48-4F8F-8BA3-51FDFD8E1994}.Debug|Any CPU.Build.0 = Debug|Any CPU
		{AB84FD82-5F48-4F8F-8BA3-51FDFD8E1994}.Release|Any CPU.ActiveCfg = Release|Any CPU
		{AB84FD82-5F48-4F8F-8BA3-51FDFD8E1994}.Release|Any CPU.Build.0 = Release|Any CPU
	EndGlobalSection
	GlobalSection(SolutionProperties) = preSolution
		HideSolutionNode = FALSE
	EndGlobalSection
	GlobalSection(ExtensibilityGlobals) = postSolution
		SolutionGuid = {BD10756D-C762-47F5-8990-56CDE9409DE3}
	EndGlobalSection
EndGlobal
